
Microsoft Visual Studio Solution File, Format Version 12.00
# Visual Studio Version 17
VisualStudioVersion = 17.8.34525.116
MinimumVisualStudioVersion = 10.0.40219.1
Project("{8BC9CEB8-8B4A-11D0-8D11-00A0C91BC942}") = "cs2TriggerBot", "cs2TriggerBot.vcxproj", "{C7521B83-3053-4FD3-9B0F-AF2A7BE2C7AB}"
EndProject
Global
	GlobalSection(SolutionConfigurationPlatforms) = preSolution
		Debug|x64 = Debug|x64
		Debug|x86 = Debug|x86
		Release|x64 = Release|x64
		Release|x86 = Release|x86
	EndGlobalSection
	GlobalSection(ProjectConfigurationPlatforms) = postSolution
		{C7521B83-3053-4FD3-9B0F-AF2A7BE2C7AB}.Debug|x64.ActiveCfg = Debug|x64
		{C7521B83-3053-4FD3-9B0F-AF2A7BE2C7AB}.Debug|x64.Build.0 = Debug|x64
		{C7521B83-3053-4FD3-9B0F-AF2A7BE2C7AB}.Debug|x86.ActiveCfg = Debug|Win32
		{C7521B83-3053-4FD3-9B0F-AF2A7BE2C7AB}.Debug|x86.Build.0 = Debug|Win32
		{C7521B83-3053-4FD3-9B0F-AF2A7BE2C7AB}.Release|x64.ActiveCfg = Release|x64
		{C7521B83-3053-4FD3-9B0F-AF2A7BE2C7AB}.Release|x64.Build.0 = Release|x64
		{C7521B83-3053-4FD3-9B0F-AF2A7BE2C7AB}.Release|x86.ActiveCfg = Release|Win32
		{C7521B83-3053-4FD3-9B0F-AF2A7BE2C7AB}.Release|x86.Build.0 = Release|Win32
	EndGlobalSection
	GlobalSection(SolutionProperties) = preSolution
		HideSolutionNode = FALSE
	EndGlobalSection
	GlobalSection(ExtensibilityGlobals) = postSolution
		SolutionGuid = {8C3B545C-49D4-4E8D-B852-392CFB214E0D}
	EndGlobalSection
EndGlobal
